
Microsoft Visual Studio Solution File, Format Version 12.00
Project("{FAE04EC0-301F-11D3-BF4B-00C04F79EFBC}") = "Ancona", "Ancona\Ancona.csproj", "{3D556615-426B-410F-85BB-E04005B60376}"
EndProject
Project("{FAE04EC0-301F-11D3-BF4B-00C04F79EFBC}") = "AnconaServer", "AnconaServer\AnconaServer.csproj", "{3E3ED4F0-9FC4-49BB-A9AA-6544485FE831}"
EndProject
Global
	GlobalSection(SolutionConfigurationPlatforms) = preSolution
		Debug|Any CPU = Debug|Any CPU
		Release|Any CPU = Release|Any CPU
	EndGlobalSection
	GlobalSection(ProjectConfigurationPlatforms) = postSolution
		{3D556615-426B-410F-85BB-E04005B60376}.Debug|Any CPU.ActiveCfg = Debug|Any CPU
		{3D556615-426B-410F-85BB-E04005B60376}.Debug|Any CPU.Build.0 = Debug|Any CPU
		{3D556615-426B-410F-85BB-E04005B60376}.Release|Any CPU.ActiveCfg = Release|Any CPU
		{3D556615-426B-410F-85BB-E04005B60376}.Release|Any CPU.Build.0 = Release|Any CPU
		{3E3ED4F0-9FC4-49BB-A9AA-6544485FE831}.Debug|Any CPU.ActiveCfg = Debug|Any CPU
		{3E3ED4F0-9FC4-49BB-A9AA-6544485FE831}.Debug|Any CPU.Build.0 = Debug|Any CPU
		{3E3ED4F0-9FC4-49BB-A9AA-6544485FE831}.Release|Any CPU.ActiveCfg = Release|Any CPU
		{3E3ED4F0-9FC4-49BB-A9AA-6544485FE831}.Release|Any CPU.Build.0 = Release|Any CPU
	EndGlobalSection
EndGlobal
